
Microsoft Visual Studio Solution File, Format Version 12.00
# Visual Studio Version 17
VisualStudioVersion = 17.1.32328.378
MinimumVisualStudioVersion = 10.0.40219.1
Project("{FAE04EC0-301F-11D3-BF4B-00C04F79EFBC}") = "LineLogin", "LineLogin\LineLogin.csproj", "{5823603E-7F33-4291-AB5D-ABF656D302A7}"
EndProject
Global
	GlobalSection(SolutionConfigurationPlatforms) = preSolution
		Debug|Any CPU = Debug|Any CPU
		Release|Any CPU = Release|Any CPU
	EndGlobalSection
	GlobalSection(ProjectConfigurationPlatforms) = postSolution
		{5823603E-7F33-4291-AB5D-ABF656D302A7}.Debug|Any CPU.ActiveCfg = Debug|Any CPU
		{5823603E-7F33-4291-AB5D-ABF656D302A7}.Debug|Any CPU.Build.0 = Debug|Any CPU
		{5823603E-7F33-4291-AB5D-ABF656D302A7}.Release|Any CPU.ActiveCfg = Release|Any CPU
		{5823603E-7F33-4291-AB5D-ABF656D302A7}.Release|Any CPU.Build.0 = Release|Any CPU
	EndGlobalSection
	GlobalSection(SolutionProperties) = preSolution
		HideSolutionNode = FALSE
	EndGlobalSection
	GlobalSection(ExtensibilityGlobals) = postSolution
		SolutionGuid = {206E1D5C-1CBC-4573-A047-CF8CA5CAE3BB}
	EndGlobalSection
EndGlobal
